{
  "name": "blog",
  "lockfileVersion": 3,
  "requires": true,
  "packages": {
    "": {
      "devDependencies": {
        "@cloudflare/playwright": "^1.0.0"
      }
    },
    "node_modules/@cloudflare/playwright": {
      "version": "1.0.0",
      "resolved": "https://registry.npmjs.org/@cloudflare/playwright/-/playwright-1.0.0.tgz",
      "integrity": "sha512-Z5LFFPJl1HxiI5+qJr+C3eoP8Lt5cv1xFesAWQG4ywL/Szx3b6S6ovJgOrPPZuZ6K9P5AFyqYEqFT3GjfVm/yA==",
      "dev": true,
      "license": "Apache-2.0"
    }
  }
}
