{
  "name": "blog-workers-workspace",
  "version": "0.1.0",
  "lockfileVersion": 3,
  "requires": true,
  "packages": {
    "": {
      "name": "blog-workers-workspace",
      "version": "0.1.0"
    },
    "../shared": {
      "name": "@blog/shared",
      "version": "0.1.0",
      "extraneous": true,
      "dependencies": {
        "zod": "^3.23.8"
      }
    }
  }
}
